// !$*UTF8*$!
{
	archiveVersion = 1;
	classes = {
	};
	objectVersion = 55;
	objects = {

/* Begin PBXBuildFile section */
		414A928D272BEDF600424D06 /* TodayCell.swift in Sources */ = {isa = PBXBuildFile; fileRef = 414A928C272BEDF600424D06 /* TodayCell.swift */; };
		41ACFD26272BE206006076BA /* AppStoreTodayApp.swift in Sources */ = {isa = PBXBuildFile; fileRef = 41ACFD25272BE206006076BA /* AppStoreTodayApp.swift */; };
		41ACFD28272BE206006076BA /* TodayView.swift in Sources */ = {isa = PBXBuildFile; fileRef = 41ACFD27272BE206006076BA /* TodayView.swift */; };
		41ACFD2A272BE207006076BA /* Assets.xcassets in Resources */ = {isa = PBXBuildFile; fileRef = 41ACFD29272BE207006076BA /* Assets.xcassets */; };
		41ACFD2D272BE207006076BA /* Preview Assets.xcassets in Resources */ = {isa = PBXBuildFile; fileRef = 41ACFD2C272BE207006076BA /* Preview Assets.xcassets */; };
		41ACFD37272BE207006076BA /* AppStoreTodayAppTests.swift in Sources */ = {isa = PBXBuildFile; fileRef = 41ACFD36272BE207006076BA /* AppStoreTodayAppTests.swift */; };
		41ACFD41272BE207006076BA /* AppStoreTodayAppUITests.swift in Sources */ = {isa = PBXBuildFile; fileRef = 41ACFD40272BE207006076BA /* AppStoreTodayAppUITests.swift */; };
		41ACFD43272BE207006076BA /* AppStoreTodayAppUITestsLaunchTests.swift in Sources */ = {isa = PBXBuildFile; fileRef = 41ACFD42272BE207006076BA /* AppStoreTodayAppUITestsLaunchTests.swift */; };
/* End PBXBuildFile section */

/* Begin PBXContainerItemProxy section */
		41ACFD33272BE207006076BA /* PBXContainerItemProxy */ = {
			isa = PBXContainerItemProxy;
			containerPortal = 41ACFD1A272BE206006076BA /* Project object */;
			proxyType = 1;
			remoteGlobalIDString = 41ACFD21272BE206006076BA;
			remoteInfo = AppStoreTodayApp;
		};
		41ACFD3D272BE207006076BA /* PBXContainerItemProxy */ = {
			isa = PBXContainerItemProxy;
			containerPortal = 41ACFD1A272BE206006076BA /* Project object */;
			proxyType = 1;
			remoteGlobalIDString = 41ACFD21272BE206006076BA;
			remoteInfo = AppStoreTodayApp;
		};
/* End PBXContainerItemProxy section */

/* Begin PBXFileReference section */
		414A928C272BEDF600424D06 /* TodayCell.swift */ = {isa = PBXFileReference; lastKnownFileType = sourcecode.swift; path = TodayCell.swift; sourceTree = "<group>"; };
		41ACFD22272BE206006076BA /* AppStoreTodayApp.app */ = {isa = PBXFileReference; explicitFileType = wrapper.application; includeInIndex = 0; path = AppStoreTodayApp.app; sourceTree = BUILT_PRODUCTS_DIR; };
		41ACFD25272BE206006076BA /* AppStoreTodayApp.swift */ = {isa = PBXFileReference; lastKnownFileType = sourcecode.swift; path = AppStoreTodayApp.swift; sourceTree = "<group>"; };
		41ACFD27272BE206006076BA /* TodayView.swift */ = {isa = PBXFileReference; lastKnownFileType = sourcecode.swift; path = TodayView.swift; sourceTree = "<group>"; };
		41ACFD29272BE207006076BA /* Assets.xcassets */ = {isa = PBXFileReference; lastKnownFileType = folder.assetcatalog; path = Assets.xcassets; sourceTree = "<group>"; };
		41ACFD2C272BE207006076BA /* Preview Assets.xcassets */ = {isa = PBXFileReference; lastKnownFileType = folder.assetcatalog; path = "Preview Assets.xcassets"; sourceTree = "<group>"; };
		41ACFD32272BE207006076BA /* AppStoreTodayAppTests.xctest */ = {isa = PBXFileReference; explicitFileType = wrapper.cfbundle; includeInIndex = 0; path = AppStoreTodayAppTests.xctest; sourceTree = BUILT_PRODUCTS_DIR; };
		41ACFD36272BE207006076BA /* AppStoreTodayAppTests.swift */ = {isa = PBXFileReference; lastKnownFileType = sourcecode.swift; path = AppStoreTodayAppTests.swift; sourceTree = "<group>"; };
		41ACFD3C272BE207006076BA /* AppStoreTodayAppUITests.xctest */ = {isa = PBXFileReference; explicitFileType = wrapper.cfbundle; includeInIndex = 0; path = AppStoreTodayAppUITests.xctest; sourceTree = BUILT_PRODUCTS_DIR; };
		41ACFD40272BE207006076BA /* AppStoreTodayAppUITests.swift */ = {isa = PBXFileReference; lastKnownFileType = sourcecode.swift; path = AppStoreTodayAppUITests.swift; sourceTree = "<group>"; };
		41ACFD42272BE207006076BA /* AppStoreTodayAppUITestsLaunchTests.swift */ = {isa = PBXFileReference; lastKnownFileType = sourcecode.swift; path = AppStoreTodayAppUITestsLaunchTests.swift; sourceTree = "<group>"; };
/* End PBXFileReference section */

/* Begin PBXFrameworksBuildPhase section */
		41ACFD1F272BE206006076BA /* Frameworks */ = {
			isa = PBXFrameworksBuildPhase;
			buildActionMask = 2147483647;
			files = (
			);
			runOnlyForDeploymentPostprocessing = 0;
		};
		41ACFD2F272BE207006076BA /* Frameworks */ = {
			isa = PBXFrameworksBuildPhase;
			buildActionMask = 2147483647;
			files = (
			);
			runOnlyForDeploymentPostprocessing = 0;
		};
		41ACFD39272BE207006076BA /* Frameworks */ = {
			isa = PBXFrameworksBuildPhase;
			buildActionMask = 2147483647;
			files = (
			);
			runOnlyForDeploymentPostprocessing = 0;
		};
/* End PBXFrameworksBuildPhase section */

/* Begin PBXGroup section */
		41ACFD19272BE206006076BA = {
			isa = PBXGroup;
			children = (
				41ACFD24272BE206006076BA /* AppStoreTodayApp */,
				41ACFD35272BE207006076BA /* AppStoreTodayAppTests */,
				41ACFD3F272BE207006076BA /* AppStoreTodayAppUITests */,
				41ACFD23272BE206006076BA /* Products */,
			);
			sourceTree = "<group>";
		};
		41ACFD23272BE206006076BA /* Products */ = {
			isa = PBXGroup;
			children = (
				41ACFD22272BE206006076BA /* AppStoreTodayApp.app */,
				41ACFD32272BE207006076BA /* AppStoreTodayAppTests.xctest */,
				41ACFD3C272BE207006076BA /* AppStoreTodayAppUITests.xctest */,
			);
			name = Products;
			sourceTree = "<group>";
		};
		41ACFD24272BE206006076BA /* AppStoreTodayApp */ = {
			isa = PBXGroup;
			children = (
				41ACFD25272BE206006076BA /* AppStoreTodayApp.swift */,
				41ACFD27272BE206006076BA /* TodayView.swift */,
				41ACFD29272BE207006076BA /* Assets.xcassets */,
				41ACFD2B272BE207006076BA /* Preview Content */,
				414A928C272BEDF600424D06 /* TodayCell.swift */,
			);
			path = AppStoreTodayApp;
			sourceTree = "<group>";
		};
		41ACFD2B272BE207006076BA /* Preview Content */ = {
			isa = PBXGroup;
			children = (
				41ACFD2C272BE207006076BA /* Preview Assets.xcassets */,
			);
			path = "Preview Content";
			sourceTree = "<group>";
		};
		41ACFD35272BE207006076BA /* AppStoreTodayAppTests */ = {
			isa = PBXGroup;
			children = (
				41ACFD36272BE207006076BA /* AppStoreTodayAppTests.swift */,
			);
			path = AppStoreTodayAppTests;
			sourceTree = "<group>";
		};
		41ACFD3F272BE207006076BA /* AppStoreTodayAppUITests */ = {
			isa = PBXGroup;
			children = (
				41ACFD40272BE207006076BA /* AppStoreTodayAppUITests.swift */,
				41ACFD42272BE207006076BA /* AppStoreTodayAppUITestsLaunchTests.swift */,
			);
			path = AppStoreTodayAppUITests;
			sourceTree = "<group>";
		};
/* End PBXGroup section */

/* Begin PBXNativeTarget section */
		41ACFD21272BE206006076BA /* AppStoreTodayApp */ = {
			isa = PBXNativeTarget;
			buildConfigurationList = 41ACFD46272BE207006076BA /* Build configuration list for PBXNativeTarget "AppStoreTodayApp" */;
			buildPhases = (
				41ACFD1E272BE206006076BA /* Sources */,
				41ACFD1F272BE206006076BA /* Frameworks */,
				41ACFD20272BE206006076BA /* Resources */,
			);
			buildRules = (
			);
			dependencies = (
			);
			name = AppStoreTodayApp;
			productName = AppStoreTodayApp;
			productReference = 41ACFD22272BE206006076BA /* AppStoreTodayApp.app */;
			productType = "com.apple.product-type.application";
		};
		41ACFD31272BE207006076BA /* AppStoreTodayAppTests */ = {
			isa = PBXNativeTarget;
			buildConfigurationList = 41ACFD49272BE207006076BA /* Build configuration list for PBXNativeTarget "AppStoreTodayAppTests" */;
			buildPhases = (
				41ACFD2E272BE207006076BA /* Sources */,
				41ACFD2F272BE207006076BA /* Frameworks */,
				41ACFD30272BE207006076BA /* Resources */,
			);
			buildRules = (
			);
			dependencies = (
				41ACFD34272BE207006076BA /* PBXTargetDependency */,
			);
			name = AppStoreTodayAppTests;
			productName = AppStoreTodayAppTests;
			productReference = 41ACFD32272BE207006076BA /* AppStoreTodayAppTests.xctest */;
			productType = "com.apple.product-type.bundle.unit-test";
		};
		41ACFD3B272BE207006076BA /* AppStoreTodayAppUITests */ = {
			isa = PBXNativeTarget;
			buildConfigurationList = 41ACFD4C272BE207006076BA /* Build configuration list for PBXNativeTarget "AppStoreTodayAppUITests" */;
			buildPhases = (
				41ACFD38272BE207006076BA /* Sources */,
				41ACFD39272BE207006076BA /* Frameworks */,
				41ACFD3A272BE207006076BA /* Resources */,
			);
			buildRules = (
			);
			dependencies = (
				41ACFD3E272BE207006076BA /* PBXTargetDependency */,
			);
			name = AppStoreTodayAppUITests;
			productName = AppStoreTodayAppUITests;
			productReference = 41ACFD3C272BE207006076BA /* AppStoreTodayAppUITests.xctest */;
			productType = "com.apple.product-type.bundle.ui-testing";
		};
/* End PBXNativeTarget section */

/* Begin PBXProject section */
		41ACFD1A272BE206006076BA /* Project object */ = {
			isa = PBXProject;
			attributes = {
				BuildIndependentTargetsInParallel = 1;
				LastSwiftUpdateCheck = 1300;
				LastUpgradeCheck = 1300;
				TargetAttributes = {
					41ACFD21272BE206006076BA = {
						CreatedOnToolsVersion = 13.0;
					};
					41ACFD31272BE207006076BA = {
						CreatedOnToolsVersion = 13.0;
						TestTargetID = 41ACFD21272BE206006076BA;
					};
					41ACFD3B272BE207006076BA = {
						CreatedOnToolsVersion = 13.0;
						TestTargetID = 41ACFD21272BE206006076BA;
					};
				};
			};
			buildConfigurationList = 41ACFD1D272BE206006076BA /* Build configuration list for PBXProject "AppStoreTodayApp" */;
			compatibilityVersion = "Xcode 13.0";
			developmentRegion = en;
			hasScannedForEncodings = 0;
			knownRegions = (
				en,
				Base,
			);
			mainGroup = 41ACFD19272BE206006076BA;
			productRefGroup = 41ACFD23272BE206006076BA /* Products */;
			projectDirPath = "";
			projectRoot = "";
			targets = (
				41ACFD21272BE206006076BA /* AppStoreTodayApp */,
				41ACFD31272BE207006076BA /* AppStoreTodayAppTests */,
				41ACFD3B272BE207006076BA /* AppStoreTodayAppUITests */,
			);
		};
/* End PBXProject section */

/* Begin PBXResourcesBuildPhase section */
		41ACFD20272BE206006076BA /* Resources */ = {
			isa = PBXResourcesBuildPhase;
			buildActionMask = 2147483647;
			files = (
				41ACFD2D272BE207006076BA /* Preview Assets.xcassets in Resources */,
				41ACFD2A272BE207006076BA /* Assets.xcassets in Resources */,
			);
			runOnlyForDeploymentPostprocessing = 0;
		};
		41ACFD30272BE207006076BA /* Resources */ = {
			isa = PBXResourcesBuildPhase;
			buildActionMask = 2147483647;
			files = (
			);
			runOnlyForDeploymentPostprocessing = 0;
		};
		41ACFD3A272BE207006076BA /* Resources */ = {
			isa = PBXResourcesBuildPhase;
			buildActionMask = 2147483647;
			files = (
			);
			runOnlyForDeploymentPostprocessing = 0;
		};
/* End PBXResourcesBuildPhase section */

/* Begin PBXSourcesBuildPhase section */
		41ACFD1E272BE206006076BA /* Sources */ = {
			isa = PBXSourcesBuildPhase;
			buildActionMask = 2147483647;
			files = (
				41ACFD28272BE206006076BA /* TodayView.swift in Sources */,
				41ACFD26272BE206006076BA /* AppStoreTodayApp.swift in Sources */,
				414A928D272BEDF600424D06 /* TodayCell.swift in Sources */,
			);
			runOnlyForDeploymentPostprocessing = 0;
		};
		41ACFD2E272BE207006076BA /* Sources */ = {
			isa = PBXSourcesBuildPhase;
			buildActionMask = 2147483647;
			files = (
				41ACFD37272BE207006076BA /* AppStoreTodayAppTests.swift in Sources */,
			);
			runOnlyForDeploymentPostprocessing = 0;
		};
		41ACFD38272BE207006076BA /* Sources */ = {
			isa = PBXSourcesBuildPhase;
			buildActionMask = 2147483647;
			files = (
				41ACFD43272BE207006076BA /* AppStoreTodayAppUITestsLaunchTests.swift in Sources */,
				41ACFD41272BE207006076BA /* AppStoreTodayAppUITests.swift in Sources */,
			);
			runOnlyForDeploymentPostprocessing = 0;
		};
/* End PBXSourcesBuildPhase section */

/* Begin PBXTargetDependency section */
		41ACFD34272BE207006076BA /* PBXTargetDependency */ = {
			isa = PBXTargetDependency;
			target = 41ACFD21272BE206006076BA /* AppStoreTodayApp */;
			targetProxy = 41ACFD33272BE207006076BA /* PBXContainerItemProxy */;
		};
		41ACFD3E272BE207006076BA /* PBXTargetDependency */ = {
			isa = PBXTargetDependency;
			target = 41ACFD21272BE206006076BA /* AppStoreTodayApp */;
			targetProxy = 41ACFD3D272BE207006076BA /* PBXContainerItemProxy */;
		};
/* End PBXTargetDependency section */

/* Begin XCBuildConfiguration section */
		41ACFD44272BE207006076BA /* Debug */ = {
			isa = XCBuildConfiguration;
			buildSettings = {
				ALWAYS_SEARCH_USER_PATHS = NO;
				CLANG_ANALYZER_NONNULL = YES;
				CLANG_ANALYZER_NUMBER_OBJECT_CONVERSION = YES_AGGRESSIVE;
				CLANG_CXX_LANGUAGE_STANDARD = "gnu++17";
				CLANG_CXX_LIBRARY = "libc++";
				CLANG_ENABLE_MODULES = YES;
				CLANG_ENABLE_OBJC_ARC = YES;
				CLANG_ENABLE_OBJC_WEAK = YES;
				CLANG_WARN_BLOCK_CAPTURE_AUTORELEASING = YES;
				CLANG_WARN_BOOL_CONVERSION = YES;
				CLANG_WARN_COMMA = YES;
				CLANG_WARN_CONSTANT_CONVERSION = YES;
				CLANG_WARN_DEPRECATED_OBJC_IMPLEMENTATIONS = YES;
				CLANG_WARN_DIRECT_OBJC_ISA_USAGE = YES_ERROR;
				CLANG_WARN_DOCUMENTATION_COMMENTS = YES;
				CLANG_WARN_EMPTY_BODY = YES;
				CLANG_WARN_ENUM_CONVERSION = YES;
				CLANG_WARN_INFINITE_RECURSION = YES;
				CLANG_WARN_INT_CONVERSION = YES;
				CLANG_WARN_NON_LITERAL_NULL_CONVERSION = YES;
				CLANG_WARN_OBJC_IMPLICIT_RETAIN_SELF = YES;
				CLANG_WARN_OBJC_LITERAL_CONVERSION = YES;
				CLANG_WARN_OBJC_ROOT_CLASS = YES_ERROR;
				CLANG_WARN_QUOTED_INCLUDE_IN_FRAMEWORK_HEADER = YES;
				CLANG_WARN_RANGE_LOOP_ANALYSIS = YES;
				CLANG_WARN_STRICT_PROTOTYPES = YES;
				CLANG_WARN_SUSPICIOUS_MOVE = YES;
				CLANG_WARN_UNGUARDED_AVAILABILITY = YES_AGGRESSIVE;
				CLANG_WARN_UNREACHABLE_CODE = YES;
				CLANG_WARN__DUPLICATE_METHOD_MATCH = YES;
				COPY_PHASE_STRIP = NO;
				DEBUG_INFORMATION_FORMAT = dwarf;
				ENABLE_STRICT_OBJC_MSGSEND = YES;
				ENABLE_TESTABILITY = YES;
				GCC_C_LANGUAGE_STANDARD = gnu11;
				GCC_DYNAMIC_NO_PIC = NO;
				GCC_NO_COMMON_BLOCKS = YES;
				GCC_OPTIMIZATION_LEVEL = 0;
				GCC_PREPROCESSOR_DEFINITIONS = (
					"DEBUG=1",
					"$(inherited)",
				);
				GCC_WARN_64_TO_32_BIT_CONVERSION = YES;
				GCC_WARN_ABOUT_RETURN_TYPE = YES_ERROR;
				GCC_WARN_UNDECLARED_SELECTOR = YES;
				GCC_WARN_UNINITIALIZED_AUTOS = YES_AGGRESSIVE;
				GCC_WARN_UNUSED_FUNCTION = YES;
				GCC_WARN_UNUSED_VARIABLE = YES;
				IPHONEOS_DEPLOYMENT_TARGET = 15.0;
				MTL_ENABLE_DEBUG_INFO = INCLUDE_SOURCE;
				MTL_FAST_MATH = YES;
				ONLY_ACTIVE_ARCH = YES;
				SDKROOT = iphoneos;
				SWIFT_ACTIVE_COMPILATION_CONDITIONS = DEBUG;
				SWIFT_OPTIMIZATION_LEVEL = "-Onone";
			};
			name = Debug;
		};
		41ACFD45272BE207006076BA /* Release */ = {
			isa = XCBuildConfiguration;
			buildSettings = {
				ALWAYS_SEARCH_USER_PATHS = NO;
				CLANG_ANALYZER_NONNULL = YES;
				CLANG_ANALYZER_NUMBER_OBJECT_CONVERSION = YES_AGGRESSIVE;
				CLANG_CXX_LANGUAGE_STANDARD = "gnu++17";
				CLANG_CXX_LIBRARY = "libc++";
				CLANG_ENABLE_MODULES = YES;
				CLANG_ENABLE_OBJC_ARC = YES;
				CLANG_ENABLE_OBJC_WEAK = YES;
				CLANG_WARN_BLOCK_CAPTURE_AUTORELEASING = YES;
				CLANG_WARN_BOOL_CONVERSION = YES;
				CLANG_WARN_COMMA = YES;
				CLANG_WARN_CONSTANT_CONVERSION = YES;
				CLANG_WARN_DEPRECATED_OBJC_IMPLEMENTATIONS = YES;
				CLANG_WARN_DIRECT_OBJC_ISA_USAGE = YES_ERROR;
				CLANG_WARN_DOCUMENTATION_COMMENTS = YES;
				CLANG_WARN_EMPTY_BODY = YES;
				CLANG_WARN_ENUM_CONVERSION = YES;
				CLANG_WARN_INFINITE_RECURSION = YES;
				CLANG_WARN_INT_CONVERSION = YES;
				CLANG_WARN_NON_LITERAL_NULL_CONVERSION = YES;
				CLANG_WARN_OBJC_IMPLICIT_RETAIN_SELF = YES;
				CLANG_WARN_OBJC_LITERAL_CONVERSION = YES;
				CLANG_WARN_OBJC_ROOT_CLASS = YES_ERROR;
				CLANG_WARN_QUOTED_INCLUDE_IN_FRAMEWORK_HEADER = YES;
				CLANG_WARN_RANGE_LOOP_ANALYSIS = YES;
				CLANG_WARN_STRICT_PROTOTYPES = YES;
				CLANG_WARN_SUSPICIOUS_MOVE = YES;
				CLANG_WARN_UNGUARDED_AVAILABILITY = YES_AGGRESSIVE;
				CLANG_WARN_UNREACHABLE_CODE = YES;
				CLANG_WARN__DUPLICATE_METHOD_MATCH = YES;
				COPY_PHASE_STRIP = NO;
				DEBUG_INFORMATION_FORMAT = "dwarf-with-dsym";
				ENABLE_NS_ASSERTIONS = NO;
				ENABLE_STRICT_OBJC_MSGSEND = YES;
				GCC_C_LANGUAGE_STANDARD = gnu11;
				GCC_NO_COMMON_BLOCKS = YES;
				GCC_WARN_64_TO_32_BIT_CONVERSION = YES;
				GCC_WARN_ABOUT_RETURN_TYPE = YES_ERROR;
				GCC_WARN_UNDECLARED_SELECTOR = YES;
				GCC_WARN_UNINITIALIZED_AUTOS = YES_AGGRESSIVE;
				GCC_WARN_UNUSED_FUNCTION = YES;
				GCC_WARN_UNUSED_VARIABLE = YES;
				IPHONEOS_DEPLOYMENT_TARGET = 15.0;
				MTL_ENABLE_DEBUG_INFO = NO;
				MTL_FAST_MATH = YES;
				SDKROOT = iphoneos;
				SWIFT_COMPILATION_MODE = wholemodule;
				SWIFT_OPTIMIZATION_LEVEL = "-O";
				VALIDATE_PRODUCT = YES;
			};
			name = Release;
		};
		41ACFD47272BE207006076BA /* Debug */ = {
			isa = XCBuildConfiguration;
			buildSettings = {
				ASSETCATALOG_COMPILER_APPICON_NAME = AppIcon;
				ASSETCATALOG_COMPILER_GLOBAL_ACCENT_COLOR_NAME = AccentColor;
				CODE_SIGN_STYLE = Automatic;
				CURRENT_PROJECT_VERSION = 1;
				DEVELOPMENT_ASSET_PATHS = "\"AppStoreTodayApp/Preview Content\"";
				ENABLE_PREVIEWS = YES;
				GENERATE_INFOPLIST_FILE = YES;
				INFOPLIST_KEY_UIApplicationSceneManifest_Generation = YES;
				INFOPLIST_KEY_UIApplicationSupportsIndirectInputEvents = YES;
				INFOPLIST_KEY_UILaunchScreen_Generation = YES;
				INFOPLIST_KEY_UISupportedInterfaceOrientations_iPad = "UIInterfaceOrientationPortrait UIInterfaceOrientationPortraitUpsideDown UIInterfaceOrientationLandscapeLeft UIInterfaceOrientationLandscapeRight";
				INFOPLIST_KEY_UISupportedInterfaceOrientations_iPhone = "UIInterfaceOrientationPortrait UIInterfaceOrientationLandscapeLeft UIInterfaceOrientationLandscapeRight";
				IPHONEOS_DEPLOYMENT_TARGET = 14.0;
				LD_RUNPATH_SEARCH_PATHS = (
					"$(inherited)",
					"@executable_path/Frameworks",
				);
				MARKETING_VERSION = 1.0;
				PRODUCT_BUNDLE_IDENTIFIER = com.arifinfrds.AppStoreTodayApp;
				PRODUCT_NAME = "$(TARGET_NAME)";
				SWIFT_EMIT_LOC_STRINGS = YES;
				SWIFT_VERSION = 5.0;
				TARGETED_DEVICE_FAMILY = "1,2";
			};
			name = Debug;
		};
		41ACFD48272BE207006076BA /* Release */ = {
			isa = XCBuildConfiguration;
			buildSettings = {
				ASSETCATALOG_COMPILER_APPICON_NAME = AppIcon;
				ASSETCATALOG_COMPILER_GLOBAL_ACCENT_COLOR_NAME = AccentColor;
				CODE_SIGN_STYLE = Automatic;
				CURRENT_PROJECT_VERSION = 1;
				DEVELOPMENT_ASSET_PATHS = "\"AppStoreTodayApp/Preview Content\"";
				ENABLE_PREVIEWS = YES;
				GENERATE_INFOPLIST_FILE = YES;
				INFOPLIST_KEY_UIApplicationSceneManifest_Generation = YES;
				INFOPLIST_KEY_UIApplicationSupportsIndirectInputEvents = YES;
				INFOPLIST_KEY_UILaunchScreen_Generation = YES;
				INFOPLIST_KEY_UISupportedInterfaceOrientations_iPad = "UIInterfaceOrientationPortrait UIInterfaceOrientationPortraitUpsideDown UIInterfaceOrientationLandscapeLeft UIInterfaceOrientationLandscapeRight";
				INFOPLIST_KEY_UISupportedInterfaceOrientations_iPhone = "UIInterfaceOrientationPortrait UIInterfaceOrientationLandscapeLeft UIInterfaceOrientationLandscapeRight";
				IPHONEOS_DEPLOYMENT_TARGET = 14.0;
				LD_RUNPATH_SEARCH_PATHS = (
					"$(inherited)",
					"@executable_path/Frameworks",
				);
				MARKETING_VERSION = 1.0;
				PRODUCT_BUNDLE_IDENTIFIER = com.arifinfrds.AppStoreTodayApp;
				PRODUCT_NAME = "$(TARGET_NAME)";
				SWIFT_EMIT_LOC_STRINGS = YES;
				SWIFT_VERSION = 5.0;
				TARGETED_DEVICE_FAMILY = "1,2";
			};
			name = Release;
		};
		41ACFD4A272BE207006076BA /* Debug */ = {
			isa = XCBuildConfiguration;
			buildSettings = {
				ALWAYS_EMBED_SWIFT_STANDARD_LIBRARIES = YES;
				BUNDLE_LOADER = "$(TEST_HOST)";
				CODE_SIGN_STYLE = Automatic;
				CURRENT_PROJECT_VERSION = 1;
				GENERATE_INFOPLIST_FILE = YES;
				IPHONEOS_DEPLOYMENT_TARGET = 14.0;
				LD_RUNPATH_SEARCH_PATHS = (
					"$(inherited)",
					"@executable_path/Frameworks",
					"@loader_path/Frameworks",
				);
				MARKETING_VERSION = 1.0;
				PRODUCT_BUNDLE_IDENTIFIER = com.arifinfrds.AppStoreTodayAppTests;
				PRODUCT_NAME = "$(TARGET_NAME)";
				SWIFT_EMIT_LOC_STRINGS = NO;
				SWIFT_VERSION = 5.0;
				TARGETED_DEVICE_FAMILY = "1,2";
				TEST_HOST = "$(BUILT_PRODUCTS_DIR)/AppStoreTodayApp.app/AppStoreTodayApp";
			};
			name = Debug;
		};
		41ACFD4B272BE207006076BA /* Release */ = {
			isa = XCBuildConfiguration;
			buildSettings = {
				ALWAYS_EMBED_SWIFT_STANDARD_LIBRARIES = YES;
				BUNDLE_LOADER = "$(TEST_HOST)";
				CODE_SIGN_STYLE = Automatic;
				CURRENT_PROJECT_VERSION = 1;
				GENERATE_INFOPLIST_FILE = YES;
				IPHONEOS_DEPLOYMENT_TARGET = 14.0;
				LD_RUNPATH_SEARCH_PATHS = (
					"$(inherited)",
					"@executable_path/Frameworks",
					"@loader_path/Frameworks",
				);
				MARKETING_VERSION = 1.0;
				PRODUCT_BUNDLE_IDENTIFIER = com.arifinfrds.AppStoreTodayAppTests;
				PRODUCT_NAME = "$(TARGET_NAME)";
				SWIFT_EMIT_LOC_STRINGS = NO;
				SWIFT_VERSION = 5.0;
				TARGETED_DEVICE_FAMILY = "1,2";
				TEST_HOST = "$(BUILT_PRODUCTS_DIR)/AppStoreTodayApp.app/AppStoreTodayApp";
			};
			name = Release;
		};
		41ACFD4D272BE207006076BA /* Debug */ = {
			isa = XCBuildConfiguration;
			buildSettings = {
				ALWAYS_EMBED_SWIFT_STANDARD_LIBRARIES = YES;
				CODE_SIGN_STYLE = Automatic;
				CURRENT_PROJECT_VERSION = 1;
				GENERATE_INFOPLIST_FILE = YES;
				LD_RUNPATH_SEARCH_PATHS = (
					"$(inherited)",
					"@executable_path/Frameworks",
					"@loader_path/Frameworks",
				);
				MARKETING_VERSION = 1.0;
				PRODUCT_BUNDLE_IDENTIFIER = com.arifinfrds.AppStoreTodayAppUITests;
				PRODUCT_NAME = "$(TARGET_NAME)";
				SWIFT_EMIT_LOC_STRINGS = NO;
				SWIFT_VERSION = 5.0;
				TARGETED_DEVICE_FAMILY = "1,2";
				TEST_TARGET_NAME = AppStoreTodayApp;
			};
			name = Debug;
		};
		41ACFD4E272BE207006076BA /* Release */ = {
			isa = XCBuildConfiguration;
			buildSettings = {
				ALWAYS_EMBED_SWIFT_STANDARD_LIBRARIES = YES;
				CODE_SIGN_STYLE = Automatic;
				CURRENT_PROJECT_VERSION = 1;
				GENERATE_INFOPLIST_FILE = YES;
				LD_RUNPATH_SEARCH_PATHS = (
					"$(inherited)",
					"@executable_path/Frameworks",
					"@loader_path/Frameworks",
				);
				MARKETING_VERSION = 1.0;
				PRODUCT_BUNDLE_IDENTIFIER = com.arifinfrds.AppStoreTodayAppUITests;
				PRODUCT_NAME = "$(TARGET_NAME)";
				SWIFT_EMIT_LOC_STRINGS = NO;
				SWIFT_VERSION = 5.0;
				TARGETED_DEVICE_FAMILY = "1,2";
				TEST_TARGET_NAME = AppStoreTodayApp;
			};
			name = Release;
		};
/* End XCBuildConfiguration section */

/* Begin XCConfigurationList section */
		41ACFD1D272BE206006076BA /* Build configuration list for PBXProject "AppStoreTodayApp" */ = {
			isa = XCConfigurationList;
			buildConfigurations = (
				41ACFD44272BE207006076BA /* Debug */,
				41ACFD45272BE207006076BA /* Release */,
			);
			defaultConfigurationIsVisible = 0;
			defaultConfigurationName = Release;
		};
		41ACFD46272BE207006076BA /* Build configuration list for PBXNativeTarget "AppStoreTodayApp" */ = {
			isa = XCConfigurationList;
			buildConfigurations = (
				41ACFD47272BE207006076BA /* Debug */,
				41ACFD48272BE207006076BA /* Release */,
			);
			defaultConfigurationIsVisible = 0;
			defaultConfigurationName = Release;
		};
		41ACFD49272BE207006076BA /* Build configuration list for PBXNativeTarget "AppStoreTodayAppTests" */ = {
			isa = XCConfigurationList;
			buildConfigurations = (
				41ACFD4A272BE207006076BA /* Debug */,
				41ACFD4B272BE207006076BA /* Release */,
			);
			defaultConfigurationIsVisible = 0;
			defaultConfigurationName = Release;
		};
		41ACFD4C272BE207006076BA /* Build configuration list for PBXNativeTarget "AppStoreTodayAppUITests" */ = {
			isa = XCConfigurationList;
			buildConfigurations = (
				41ACFD4D272BE207006076BA /* Debug */,
				41ACFD4E272BE207006076BA /* Release */,
			);
			defaultConfigurationIsVisible = 0;
			defaultConfigurationName = Release;
		};
/* End XCConfigurationList section */
	};
	rootObject = 41ACFD1A272BE206006076BA /* Project object */;
}
